
Microsoft Visual Studio Solution File, Format Version 12.00
# Visual Studio Version 16
VisualStudioVersion = 16.0.32413.511
MinimumVisualStudioVersion = 10.0.40219.1
Project("{FAE04EC0-301F-11D3-BF4B-00C04F79EFBC}") = "AppGallery.UWP", "AppGallery\AppGallery.UWP\AppGallery.UWP.csproj", "{770338E8-F363-4E6C-A561-8D4B67BFC966}"
EndProject
Project("{FAE04EC0-301F-11D3-BF4B-00C04F79EFBC}") = "AppGallery.Android", "AppGallery\AppGallery.Android\AppGallery.Android.csproj", "{4763189C-CD4A-4BBF-859C-8380921B7201}"
EndProject
Project("{FAE04EC0-301F-11D3-BF4B-00C04F79EFBC}") = "AppGallery.iOS", "AppGallery\AppGallery.iOS\AppGallery.iOS.csproj", "{96C3CD20-4F0F-49F6-AAEE-7AE51E887A0A}"
EndProject
Project("{FAE04EC0-301F-11D3-BF4B-00C04F79EFBC}") = "AppGallery", "AppGallery\AppGallery\AppGallery.csproj", "{1B8FCD23-C1B0-444A-865D-C708DDDF81BB}"
EndProject
Global
	GlobalSection(SolutionConfigurationPlatforms) = preSolution
		Debug|Any CPU = Debug|Any CPU
		Debug|ARM = Debug|ARM
		Debug|iPhone = Debug|iPhone
		Debug|iPhoneSimulator = Debug|iPhoneSimulator
		Debug|x64 = Debug|x64
		Debug|x86 = Debug|x86
		Release|Any CPU = Release|Any CPU
		Release|ARM = Release|ARM
		Release|iPhone = Release|iPhone
		Release|iPhoneSimulator = Release|iPhoneSimulator
		Release|x64 = Release|x64
		Release|x86 = Release|x86
	EndGlobalSection
	GlobalSection(ProjectConfigurationPlatforms) = postSolution
		{770338E8-F363-4E6C-A561-8D4B67BFC966}.Debug|Any CPU.ActiveCfg = Debug|x86
		{770338E8-F363-4E6C-A561-8D4B67BFC966}.Debug|Any CPU.Build.0 = Debug|x86
		{770338E8-F363-4E6C-A561-8D4B67BFC966}.Debug|Any CPU.Deploy.0 = Debug|x86
		{770338E8-F363-4E6C-A561-8D4B67BFC966}.Debug|ARM.ActiveCfg = Debug|ARM
		{770338E8-F363-4E6C-A561-8D4B67BFC966}.Debug|ARM.Build.0 = Debug|ARM
		{770338E8-F363-4E6C-A561-8D4B67BFC966}.Debug|ARM.Deploy.0 = Debug|ARM
		{770338E8-F363-4E6C-A561-8D4B67BFC966}.Debug|iPhone.ActiveCfg = Debug|x86
		{770338E8-F363-4E6C-A561-8D4B67BFC966}.Debug|iPhone.Build.0 = Debug|x86
		{770338E8-F363-4E6C-A561-8D4B67BFC966}.Debug|iPhone.Deploy.0 = Debug|x86
		{770338E8-F363-4E6C-A561-8D4B67BFC966}.Debug|iPhoneSimulator.ActiveCfg = Debug|x86
		{770338E8-F363-4E6C-A561-8D4B67BFC966}.Debug|iPhoneSimulator.Build.0 = Debug|x86
		{770338E8-F363-4E6C-A561-8D4B67BFC966}.Debug|iPhoneSimulator.Deploy.0 = Debug|x86
		{770338E8-F363-4E6C-A561-8D4B67BFC966}.Debug|x64.ActiveCfg = Debug|x64
		{770338E8-F363-4E6C-A561-8D4B67BFC966}.Debug|x64.Build.0 = Debug|x64
		{770338E8-F363-4E6C-A561-8D4B67BFC966}.Debug|x64.Deploy.0 = Debug|x64
		{770338E8-F363-4E6C-A561-8D4B67BFC966}.Debug|x86.ActiveCfg = Debug|x86
		{770338E8-F363-4E6C-A561-8D4B67BFC966}.Debug|x86.Build.0 = Debug|x86
		{770338E8-F363-4E6C-A561-8D4B67BFC966}.Debug|x86.Deploy.0 = Debug|x86
		{770338E8-F363-4E6C-A561-8D4B67BFC966}.Release|Any CPU.ActiveCfg = Release|x86
		{770338E8-F363-4E6C-A561-8D4B67BFC966}.Release|Any CPU.Build.0 = Release|x86
		{770338E8-F363-4E6C-A561-8D4B67BFC966}.Release|Any CPU.Deploy.0 = Release|x86
		{770338E8-F363-4E6C-A561-8D4B67BFC966}.Release|ARM.ActiveCfg = Release|ARM
		{770338E8-F363-4E6C-A561-8D4B67BFC966}.Release|ARM.Build.0 = Release|ARM
		{770338E8-F363-4E6C-A561-8D4B67BFC966}.Release|ARM.Deploy.0 = Release|ARM
		{770338E8-F363-4E6C-A561-8D4B67BFC966}.Release|iPhone.ActiveCfg = Release|x86
		{770338E8-F363-4E6C-A561-8D4B67BFC966}.Release|iPhone.Build.0 = Release|x86
		{770338E8-F363-4E6C-A561-8D4B67BFC966}.Release|iPhone.Deploy.0 = Release|x86
		{770338E8-F363-4E6C-A561-8D4B67BFC966}.Release|iPhoneSimulator.ActiveCfg = Release|x86
		{770338E8-F363-4E6C-A561-8D4B67BFC966}.Release|iPhoneSimulator.Build.0 = Release|x86
		{770338E8-F363-4E6C-A561-8D4B67BFC966}.Release|iPhoneSimulator.Deploy.0 = Release|x86
		{770338E8-F363-4E6C-A561-8D4B67BFC966}.Release|x64.ActiveCfg = Release|x64
		{770338E8-F363-4E6C-A561-8D4B67BFC966}.Release|x64.Build.0 = Release|x64
		{770338E8-F363-4E6C-A561-8D4B67BFC966}.Release|x64.Deploy.0 = Release|x64
		{770338E8-F363-4E6C-A561-8D4B67BFC966}.Release|x86.ActiveCfg = Release|x86
		{770338E8-F363-4E6C-A561-8D4B67BFC966}.Release|x86.Build.0 = Release|x86
		{770338E8-F363-4E6C-A561-8D4B67BFC966}.Release|x86.Deploy.0 = Release|x86
		{4763189C-CD4A-4BBF-859C-8380921B7201}.Debug|Any CPU.ActiveCfg = Debug|Any CPU
		{4763189C-CD4A-4BBF-859C-8380921B7201}.Debug|Any CPU.Build.0 = Debug|Any CPU
		{4763189C-CD4A-4BBF-859C-8380921B7201}.Debug|Any CPU.Deploy.0 = Debug|Any CPU
		{4763189C-CD4A-4BBF-859C-8380921B7201}.Debug|ARM.ActiveCfg = Debug|Any CPU
		{4763189C-CD4A-4BBF-859C-8380921B7201}.Debug|ARM.Build.0 = Debug|Any CPU
		{4763189C-CD4A-4BBF-859C-8380921B7201}.Debug|ARM.Deploy.0 = Debug|Any CPU
		{4763189C-CD4A-4BBF-859C-8380921B7201}.Debug|iPhone.ActiveCfg = Debug|Any CPU
		{4763189C-CD4A-4BBF-859C-8380921B7201}.Debug|iPhone.Build.0 = Debug|Any CPU
		{4763189C-CD4A-4BBF-859C-8380921B7201}.Debug|iPhone.Deploy.0 = Debug|Any CPU
		{4763189C-CD4A-4BBF-859C-8380921B7201}.Debug|iPhoneSimulator.ActiveCfg = Debug|Any CPU
		{4763189C-CD4A-4BBF-859C-8380921B7201}.Debug|iPhoneSimulator.Build.0 = Debug|Any CPU
		{4763189C-CD4A-4BBF-859C-8380921B7201}.Debug|iPhoneSimulator.Deploy.0 = Debug|Any CPU
		{4763189C-CD4A-4BBF-859C-8380921B7201}.Debug|x64.ActiveCfg = Debug|Any CPU
		{4763189C-CD4A-4BBF-859C-8380921B7201}.Debug|x64.Build.0 = Debug|Any CPU
		{4763189C-CD4A-4BBF-859C-8380921B7201}.Debug|x64.Deploy.0 = Debug|Any CPU
		{4763189C-CD4A-4BBF-859C-8380921B7201}.Debug|x86.ActiveCfg = Debug|Any CPU
		{4763189C-CD4A-4BBF-859C-8380921B7201}.Debug|x86.Build.0 = Debug|Any CPU
		{4763189C-CD4A-4BBF-859C-8380921B7201}.Debug|x86.Deploy.0 = Debug|Any CPU
		{4763189C-CD4A-4BBF-859C-8380921B7201}.Release|Any CPU.ActiveCfg = Release|Any CPU
		{4763189C-CD4A-4BBF-859C-8380921B7201}.Release|Any CPU.Build.0 = Release|Any CPU
		{4763189C-CD4A-4BBF-859C-8380921B7201}.Release|Any CPU.Deploy.0 = Release|Any CPU
		{4763189C-CD4A-4BBF-859C-8380921B7201}.Release|ARM.ActiveCfg = Release|Any CPU
		{4763189C-CD4A-4BBF-859C-8380921B7201}.Release|ARM.Build.0 = Release|Any CPU
		{4763189C-CD4A-4BBF-859C-8380921B7201}.Release|ARM.Deploy.0 = Release|Any CPU
		{4763189C-CD4A-4BBF-859C-8380921B7201}.Release|iPhone.ActiveCfg = Release|Any CPU
		{4763189C-CD4A-4BBF-859C-8380921B7201}.Release|iPhone.Build.0 = Release|Any CPU
		{4763189C-CD4A-4BBF-859C-8380921B7201}.Release|iPhone.Deploy.0 = Release|Any CPU
		{4763189C-CD4A-4BBF-859C-8380921B7201}.Release|iPhoneSimulator.ActiveCfg = Release|Any CPU
		{4763189C-CD4A-4BBF-859C-8380921B7201}.Release|iPhoneSimulator.Build.0 = Release|Any CPU
		{4763189C-CD4A-4BBF-859C-8380921B7201}.Release|iPhoneSimulator.Deploy.0 = Release|Any CPU
		{4763189C-CD4A-4BBF-859C-8380921B7201}.Release|x64.ActiveCfg = Release|Any CPU
		{4763189C-CD4A-4BBF-859C-8380921B7201}.Release|x64.Build.0 = Release|Any CPU
		{4763189C-CD4A-4BBF-859C-8380921B7201}.Release|x64.Deploy.0 = Release|Any CPU
		{4763189C-CD4A-4BBF-859C-8380921B7201}.Release|x86.ActiveCfg = Release|Any CPU
		{4763189C-CD4A-4BBF-859C-8380921B7201}.Release|x86.Build.0 = Release|Any CPU
		{4763189C-CD4A-4BBF-859C-8380921B7201}.Release|x86.Deploy.0 = Release|Any CPU
		{96C3CD20-4F0F-49F6-AAEE-7AE51E887A0A}.Debug|Any CPU.ActiveCfg = Debug|iPhoneSimulator
		{96C3CD20-4F0F-49F6-AAEE-7AE51E887A0A}.Debug|Any CPU.Build.0 = Debug|iPhoneSimulator
		{96C3CD20-4F0F-49F6-AAEE-7AE51E887A0A}.Debug|Any CPU.Deploy.0 = Debug|iPhoneSimulator
		{96C3CD20-4F0F-49F6-AAEE-7AE51E887A0A}.Debug|ARM.ActiveCfg = Debug|iPhone
		{96C3CD20-4F0F-49F6-AAEE-7AE51E887A0A}.Debug|ARM.Build.0 = Debug|iPhone
		{96C3CD20-4F0F-49F6-AAEE-7AE51E887A0A}.Debug|ARM.Deploy.0 = Debug|iPhone
		{96C3CD20-4F0F-49F6-AAEE-7AE51E887A0A}.Debug|iPhone.ActiveCfg = Debug|iPhone
		{96C3CD20-4F0F-49F6-AAEE-7AE51E887A0A}.Debug|iPhone.Build.0 = Debug|iPhone
		{96C3CD20-4F0F-49F6-AAEE-7AE51E887A0A}.Debug|iPhone.Deploy.0 = Debug|iPhone
		{96C3CD20-4F0F-49F6-AAEE-7AE51E887A0A}.Debug|iPhoneSimulator.ActiveCfg = Debug|iPhoneSimulator
		{96C3CD20-4F0F-49F6-AAEE-7AE51E887A0A}.Debug|iPhoneSimulator.Build.0 = Debug|iPhoneSimulator
		{96C3CD20-4F0F-49F6-AAEE-7AE51E887A0A}.Debug|iPhoneSimulator.Deploy.0 = Debug|iPhoneSimulator
		{96C3CD20-4F0F-49F6-AAEE-7AE51E887A0A}.Debug|x64.ActiveCfg = Debug|iPhoneSimulator
		{96C3CD20-4F0F-49F6-AAEE-7AE51E887A0A}.Debug|x64.Build.0 = Debug|iPhoneSimulator
		{96C3CD20-4F0F-49F6-AAEE-7AE51E887A0A}.Debug|x64.Deploy.0 = Debug|iPhoneSimulator
		{96C3CD20-4F0F-49F6-AAEE-7AE51E887A0A}.Debug|x86.ActiveCfg = Debug|iPhoneSimulator
		{96C3CD20-4F0F-49F6-AAEE-7AE51E887A0A}.Debug|x86.Build.0 = Debug|iPhoneSimulator
		{96C3CD20-4F0F-49F6-AAEE-7AE51E887A0A}.Debug|x86.Deploy.0 = Debug|iPhoneSimulator
		{96C3CD20-4F0F-49F6-AAEE-7AE51E887A0A}.Release|Any CPU.ActiveCfg = Release|iPhoneSimulator
		{96C3CD20-4F0F-49F6-AAEE-7AE51E887A0A}.Release|Any CPU.Build.0 = Release|iPhoneSimulator
		{96C3CD20-4F0F-49F6-AAEE-7AE51E887A0A}.Release|Any CPU.Deploy.0 = Release|iPhoneSimulator
		{96C3CD20-4F0F-49F6-AAEE-7AE51E887A0A}.Release|ARM.ActiveCfg = Release|iPhoneSimulator
		{96C3CD20-4F0F-49F6-AAEE-7AE51E887A0A}.Release|ARM.Build.0 = Release|iPhoneSimulator
		{96C3CD20-4F0F-49F6-AAEE-7AE51E887A0A}.Release|ARM.Deploy.0 = Release|iPhoneSimulator
		{96C3CD20-4F0F-49F6-AAEE-7AE51E887A0A}.Release|iPhone.ActiveCfg = Release|iPhone
		{96C3CD20-4F0F-49F6-AAEE-7AE51E887A0A}.Release|iPhone.Build.0 = Release|iPhone
		{96C3CD20-4F0F-49F6-AAEE-7AE51E887A0A}.Release|iPhone.Deploy.0 = Release|iPhone
		{96C3CD20-4F0F-49F6-AAEE-7AE51E887A0A}.Release|iPhoneSimulator.ActiveCfg = Release|iPhoneSimulator
		{96C3CD20-4F0F-49F6-AAEE-7AE51E887A0A}.Release|iPhoneSimulator.Build.0 = Release|iPhoneSimulator
		{96C3CD20-4F0F-49F6-AAEE-7AE51E887A0A}.Release|iPhoneSimulator.Deploy.0 = Release|iPhoneSimulator
		{96C3CD20-4F0F-49F6-AAEE-7AE51E887A0A}.Release|x64.ActiveCfg = Release|iPhoneSimulator
		{96C3CD20-4F0F-49F6-AAEE-7AE51E887A0A}.Release|x64.Build.0 = Release|iPhoneSimulator
		{96C3CD20-4F0F-49F6-AAEE-7AE51E887A0A}.Release|x64.Deploy.0 = Release|iPhoneSimulator
		{96C3CD20-4F0F-49F6-AAEE-7AE51E887A0A}.Release|x86.ActiveCfg = Release|iPhoneSimulator
		{96C3CD20-4F0F-49F6-AAEE-7AE51E887A0A}.Release|x86.Build.0 = Release|iPhoneSimulator
		{96C3CD20-4F0F-49F6-AAEE-7AE51E887A0A}.Release|x86.Deploy.0 = Release|iPhoneSimulator
		{1B8FCD23-C1B0-444A-865D-C708DDDF81BB}.Debug|Any CPU.ActiveCfg = Debug|Any CPU
		{1B8FCD23-C1B0-444A-865D-C708DDDF81BB}.Debug|Any CPU.Build.0 = Debug|Any CPU
		{1B8FCD23-C1B0-444A-865D-C708DDDF81BB}.Debug|Any CPU.Deploy.0 = Debug|Any CPU
		{1B8FCD23-C1B0-444A-865D-C708DDDF81BB}.Debug|ARM.ActiveCfg = Debug|Any CPU
		{1B8FCD23-C1B0-444A-865D-C708DDDF81BB}.Debug|ARM.Build.0 = Debug|Any CPU
		{1B8FCD23-C1B0-444A-865D-C708DDDF81BB}.Debug|ARM.Deploy.0 = Debug|Any CPU
		{1B8FCD23-C1B0-444A-865D-C708DDDF81BB}.Debug|iPhone.ActiveCfg = Debug|Any CPU
		{1B8FCD23-C1B0-444A-865D-C708DDDF81BB}.Debug|iPhone.Build.0 = Debug|Any CPU
		{1B8FCD23-C1B0-444A-865D-C708DDDF81BB}.Debug|iPhone.Deploy.0 = Debug|Any CPU
		{1B8FCD23-C1B0-444A-865D-C708DDDF81BB}.Debug|iPhoneSimulator.ActiveCfg = Debug|Any CPU
		{1B8FCD23-C1B0-444A-865D-C708DDDF81BB}.Debug|iPhoneSimulator.Build.0 = Debug|Any CPU
		{1B8FCD23-C1B0-444A-865D-C708DDDF81BB}.Debug|iPhoneSimulator.Deploy.0 = Debug|Any CPU
		{1B8FCD23-C1B0-444A-865D-C708DDDF81BB}.Debug|x64.ActiveCfg = Debug|Any CPU
		{1B8FCD23-C1B0-444A-865D-C708DDDF81BB}.Debug|x64.Build.0 = Debug|Any CPU
		{1B8FCD23-C1B0-444A-865D-C708DDDF81BB}.Debug|x64.Deploy.0 = Debug|Any CPU
		{1B8FCD23-C1B0-444A-865D-C708DDDF81BB}.Debug|x86.ActiveCfg = Debug|Any CPU
		{1B8FCD23-C1B0-444A-865D-C708DDDF81BB}.Debug|x86.Build.0 = Debug|Any CPU
		{1B8FCD23-C1B0-444A-865D-C708DDDF81BB}.Debug|x86.Deploy.0 = Debug|Any CPU
		{1B8FCD23-C1B0-444A-865D-C708DDDF81BB}.Release|Any CPU.ActiveCfg = Release|Any CPU
		{1B8FCD23-C1B0-444A-865D-C708DDDF81BB}.Release|Any CPU.Build.0 = Release|Any CPU
		{1B8FCD23-C1B0-444A-865D-C708DDDF81BB}.Release|Any CPU.Deploy.0 = Release|Any CPU
		{1B8FCD23-C1B0-444A-865D-C708DDDF81BB}.Release|ARM.ActiveCfg = Release|Any CPU
		{1B8FCD23-C1B0-444A-865D-C708DDDF81BB}.Release|ARM.Build.0 = Release|Any CPU
		{1B8FCD23-C1B0-444A-865D-C708DDDF81BB}.Release|ARM.Deploy.0 = Release|Any CPU
		{1B8FCD23-C1B0-444A-865D-C708DDDF81BB}.Release|iPhone.ActiveCfg = Release|Any CPU
		{1B8FCD23-C1B0-444A-865D-C708DDDF81BB}.Release|iPhone.Build.0 = Release|Any CPU
		{1B8FCD23-C1B0-444A-865D-C708DDDF81BB}.Release|iPhone.Deploy.0 = Release|Any CPU
		{1B8FCD23-C1B0-444A-865D-C708DDDF81BB}.Release|iPhoneSimulator.ActiveCfg = Release|Any CPU
		{1B8FCD23-C1B0-444A-865D-C708DDDF81BB}.Release|iPhoneSimulator.Build.0 = Release|Any CPU
		{1B8FCD23-C1B0-444A-865D-C708DDDF81BB}.Release|iPhoneSimulator.Deploy.0 = Release|Any CPU
		{1B8FCD23-C1B0-444A-865D-C708DDDF81BB}.Release|x64.ActiveCfg = Release|Any CPU
		{1B8FCD23-C1B0-444A-865D-C708DDDF81BB}.Release|x64.Build.0 = Release|Any CPU
		{1B8FCD23-C1B0-444A-865D-C708DDDF81BB}.Release|x64.Deploy.0 = Release|Any CPU
		{1B8FCD23-C1B0-444A-865D-C708DDDF81BB}.Release|x86.ActiveCfg = Release|Any CPU
		{1B8FCD23-C1B0-444A-865D-C708DDDF81BB}.Release|x86.Build.0 = Release|Any CPU
		{1B8FCD23-C1B0-444A-865D-C708DDDF81BB}.Release|x86.Deploy.0 = Release|Any CPU
	EndGlobalSection
	GlobalSection(SolutionProperties) = preSolution
		HideSolutionNode = FALSE
	EndGlobalSection
	GlobalSection(ExtensibilityGlobals) = postSolution
		SolutionGuid = {A2945277-7CD2-4280-913A-E4620533059A}
	EndGlobalSection
EndGlobal
